
Microsoft Visual Studio Solution File, Format Version 12.00
# Visual Studio 2012
Project("{FAE04EC0-301F-11D3-BF4B-00C04F79EFBC}") = "SlopArena", "SlopArena.csproj", "{4C449378-C700-4C37-975E-A361DE8916D1}"
EndProject
Project("{2150E333-8FDC-42A3-9474-1A3956D46DE8}") = "Server", "Server", "{DAD03CFC-D5FA-AC94-41C7-9ABAB326F09E}"
EndProject
Project("{FAE04EC0-301F-11D3-BF4B-00C04F79EFBC}") = "SlopArena.Server", "Server\SlopArena.Server.csproj", "{0125EA99-51ED-4D8E-957A-CD25BDB5906D}"
EndProject
Project("{FAE04EC0-301F-11D3-BF4B-00C04F79EFBC}") = "ServerApp", "ServerApp\ServerApp.csproj", "{A1B2C3D4-E5F6-7890-ABCD-EF1234567890}"
EndProject
Project("{2150E333-8FDC-42A3-9474-1A3956D46DE8}") = "Shared", "Shared", "{4F52FD11-658E-A102-6CD3-7D7C16FFA15B}"
EndProject
Project("{FAE04EC0-301F-11D3-BF4B-00C04F79EFBC}") = "SlopArena.Shared", "Shared\SlopArena.Shared.csproj", "{429F4C73-9088-4374-A929-E2965EC9EEC3}"
EndProject
Global
	GlobalSection(SolutionConfigurationPlatforms) = preSolution
		Debug|Any CPU = Debug|Any CPU
		Debug|x64 = Debug|x64
		Debug|x86 = Debug|x86
		ExportDebug|Any CPU = ExportDebug|Any CPU
		ExportDebug|x64 = ExportDebug|x64
		ExportDebug|x86 = ExportDebug|x86
		ExportRelease|Any CPU = ExportRelease|Any CPU
		ExportRelease|x64 = ExportRelease|x64
		ExportRelease|x86 = ExportRelease|x86
		Release|Any CPU = Release|Any CPU
		Release|x64 = Release|x64
		Release|x86 = Release|x86
	EndGlobalSection
	GlobalSection(ProjectConfigurationPlatforms) = postSolution
		{4C449378-C700-4C37-975E-A361DE8916D1}.Debug|Any CPU.ActiveCfg = Debug|Any CPU
		{4C449378-C700-4C37-975E-A361DE8916D1}.Debug|Any CPU.Build.0 = Debug|Any CPU
		{4C449378-C700-4C37-975E-A361DE8916D1}.Debug|x64.ActiveCfg = Debug|Any CPU
		{4C449378-C700-4C37-975E-A361DE8916D1}.Debug|x64.Build.0 = Debug|Any CPU
		{4C449378-C700-4C37-975E-A361DE8916D1}.Debug|x86.ActiveCfg = Debug|Any CPU
		{4C449378-C700-4C37-975E-A361DE8916D1}.Debug|x86.Build.0 = Debug|Any CPU
		{4C449378-C700-4C37-975E-A361DE8916D1}.ExportDebug|Any CPU.ActiveCfg = ExportDebug|Any CPU
		{4C449378-C700-4C37-975E-A361DE8916D1}.ExportDebug|Any CPU.Build.0 = ExportDebug|Any CPU
		{4C449378-C700-4C37-975E-A361DE8916D1}.ExportDebug|x64.ActiveCfg = ExportDebug|Any CPU
		{4C449378-C700-4C37-975E-A361DE8916D1}.ExportDebug|x64.Build.0 = ExportDebug|Any CPU
		{4C449378-C700-4C37-975E-A361DE8916D1}.ExportDebug|x86.ActiveCfg = ExportDebug|Any CPU
		{4C449378-C700-4C37-975E-A361DE8916D1}.ExportDebug|x86.Build.0 = ExportDebug|Any CPU
		{4C449378-C700-4C37-975E-A361DE8916D1}.ExportRelease|Any CPU.ActiveCfg = ExportRelease|Any CPU
		{4C449378-C700-4C37-975E-A361DE8916D1}.ExportRelease|Any CPU.Build.0 = ExportRelease|Any CPU
		{4C449378-C700-4C37-975E-A361DE8916D1}.ExportRelease|x64.ActiveCfg = ExportRelease|Any CPU
		{4C449378-C700-4C37-975E-A361DE8916D1}.ExportRelease|x64.Build.0 = ExportRelease|Any CPU
		{4C449378-C700-4C37-975E-A361DE8916D1}.ExportRelease|x86.ActiveCfg = ExportRelease|Any CPU
		{4C449378-C700-4C37-975E-A361DE8916D1}.ExportRelease|x86.Build.0 = ExportRelease|Any CPU
		{4C449378-C700-4C37-975E-A361DE8916D1}.Release|Any CPU.ActiveCfg = Release|Any CPU
		{4C449378-C700-4C37-975E-A361DE8916D1}.Release|Any CPU.Build.0 = Release|Any CPU
		{4C449378-C700-4C37-975E-A361DE8916D1}.Release|x64.ActiveCfg = Release|Any CPU
		{4C449378-C700-4C37-975E-A361DE8916D1}.Release|x64.Build.0 = Release|Any CPU
		{4C449378-C700-4C37-975E-A361DE8916D1}.Release|x86.ActiveCfg = Release|Any CPU
		{4C449378-C700-4C37-975E-A361DE8916D1}.Release|x86.Build.0 = Release|Any CPU
		{0125EA99-51ED-4D8E-957A-CD25BDB5906D}.Debug|Any CPU.ActiveCfg = Debug|Any CPU
		{0125EA99-51ED-4D8E-957A-CD25BDB5906D}.Debug|Any CPU.Build.0 = Debug|Any CPU
		{0125EA99-51ED-4D8E-957A-CD25BDB5906D}.Debug|x64.ActiveCfg = Debug|Any CPU
		{0125EA99-51ED-4D8E-957A-CD25BDB5906D}.Debug|x64.Build.0 = Debug|Any CPU
		{0125EA99-51ED-4D8E-957A-CD25BDB5906D}.Debug|x86.ActiveCfg = Debug|Any CPU
		{0125EA99-51ED-4D8E-957A-CD25BDB5906D}.Debug|x86.Build.0 = Debug|Any CPU
		{0125EA99-51ED-4D8E-957A-CD25BDB5906D}.ExportDebug|Any CPU.ActiveCfg = Debug|Any CPU
		{0125EA99-51ED-4D8E-957A-CD25BDB5906D}.ExportDebug|Any CPU.Build.0 = Debug|Any CPU
		{0125EA99-51ED-4D8E-957A-CD25BDB5906D}.ExportDebug|x64.ActiveCfg = Debug|Any CPU
		{0125EA99-51ED-4D8E-957A-CD25BDB5906D}.ExportDebug|x64.Build.0 = Debug|Any CPU
		{0125EA99-51ED-4D8E-957A-CD25BDB5906D}.ExportDebug|x86.ActiveCfg = Debug|Any CPU
		{0125EA99-51ED-4D8E-957A-CD25BDB5906D}.ExportDebug|x86.Build.0 = Debug|Any CPU
		{0125EA99-51ED-4D8E-957A-CD25BDB5906D}.ExportRelease|Any CPU.ActiveCfg = Debug|Any CPU
		{0125EA99-51ED-4D8E-957A-CD25BDB5906D}.ExportRelease|Any CPU.Build.0 = Debug|Any CPU
		{0125EA99-51ED-4D8E-957A-CD25BDB5906D}.ExportRelease|x64.ActiveCfg = Debug|Any CPU
		{0125EA99-51ED-4D8E-957A-CD25BDB5906D}.ExportRelease|x64.Build.0 = Debug|Any CPU
		{0125EA99-51ED-4D8E-957A-CD25BDB5906D}.ExportRelease|x86.ActiveCfg = Debug|Any CPU
		{0125EA99-51ED-4D8E-957A-CD25BDB5906D}.ExportRelease|x86.Build.0 = Debug|Any CPU
		{0125EA99-51ED-4D8E-957A-CD25BDB5906D}.Release|Any CPU.ActiveCfg = Release|Any CPU
		{0125EA99-51ED-4D8E-957A-CD25BDB5906D}.Release|Any CPU.Build.0 = Release|Any CPU
		{0125EA99-51ED-4D8E-957A-CD25BDB5906D}.Release|x64.ActiveCfg = Release|Any CPU
		{0125EA99-51ED-4D8E-957A-CD25BDB5906D}.Release|x64.Build.0 = Release|Any CPU
		{0125EA99-51ED-4D8E-957A-CD25BDB5906D}.Release|x86.ActiveCfg = Release|Any CPU
		{0125EA99-51ED-4D8E-957A-CD25BDB5906D}.Release|x86.Build.0 = Release|Any CPU
		{A1B2C3D4-E5F6-7890-ABCD-EF1234567890}.Debug|Any CPU.ActiveCfg = Debug|Any CPU
		{A1B2C3D4-E5F6-7890-ABCD-EF1234567890}.Debug|Any CPU.Build.0 = Debug|Any CPU
		{A1B2C3D4-E5F6-7890-ABCD-EF1234567890}.Debug|x64.ActiveCfg = Debug|Any CPU
		{A1B2C3D4-E5F6-7890-ABCD-EF1234567890}.Debug|x64.Build.0 = Debug|Any CPU
		{A1B2C3D4-E5F6-7890-ABCD-EF1234567890}.Debug|x86.ActiveCfg = Debug|Any CPU
		{A1B2C3D4-E5F6-7890-ABCD-EF1234567890}.Debug|x86.Build.0 = Debug|Any CPU
		{A1B2C3D4-E5F6-7890-ABCD-EF1234567890}.ExportDebug|Any CPU.ActiveCfg = Debug|Any CPU
		{A1B2C3D4-E5F6-7890-ABCD-EF1234567890}.ExportDebug|Any CPU.Build.0 = Debug|Any CPU
		{A1B2C3D4-E5F6-7890-ABCD-EF1234567890}.ExportDebug|x64.ActiveCfg = Debug|Any CPU
		{A1B2C3D4-E5F6-7890-ABCD-EF1234567890}.ExportDebug|x64.Build.0 = Debug|Any CPU
		{A1B2C3D4-E5F6-7890-ABCD-EF1234567890}.ExportDebug|x86.ActiveCfg = Debug|Any CPU
		{A1B2C3D4-E5F6-7890-ABCD-EF1234567890}.ExportDebug|x86.Build.0 = Debug|Any CPU
		{A1B2C3D4-E5F6-7890-ABCD-EF1234567890}.ExportRelease|Any CPU.ActiveCfg = Debug|Any CPU
		{A1B2C3D4-E5F6-7890-ABCD-EF1234567890}.ExportRelease|Any CPU.Build.0 = Debug|Any CPU
		{A1B2C3D4-E5F6-7890-ABCD-EF1234567890}.ExportRelease|x64.ActiveCfg = Debug|Any CPU
		{A1B2C3D4-E5F6-7890-ABCD-EF1234567890}.ExportRelease|x64.Build.0 = Debug|Any CPU
		{A1B2C3D4-E5F6-7890-ABCD-EF1234567890}.ExportRelease|x86.ActiveCfg = Debug|Any CPU
		{A1B2C3D4-E5F6-7890-ABCD-EF1234567890}.ExportRelease|x86.Build.0 = Debug|Any CPU
		{A1B2C3D4-E5F6-7890-ABCD-EF1234567890}.Release|Any CPU.ActiveCfg = Release|Any CPU
		{A1B2C3D4-E5F6-7890-ABCD-EF1234567890}.Release|Any CPU.Build.0 = Release|Any CPU
		{A1B2C3D4-E5F6-7890-ABCD-EF1234567890}.Release|x64.ActiveCfg = Release|Any CPU
		{A1B2C3D4-E5F6-7890-ABCD-EF1234567890}.Release|x64.Build.0 = Release|Any CPU
		{A1B2C3D4-E5F6-7890-ABCD-EF1234567890}.Release|x86.ActiveCfg = Release|Any CPU
		{A1B2C3D4-E5F6-7890-ABCD-EF1234567890}.Release|x86.Build.0 = Release|Any CPU
		{429F4C73-9088-4374-A929-E2965EC9EEC3}.Debug|Any CPU.ActiveCfg = Debug|Any CPU
		{429F4C73-9088-4374-A929-E2965EC9EEC3}.Debug|Any CPU.Build.0 = Debug|Any CPU
		{429F4C73-9088-4374-A929-E2965EC9EEC3}.Debug|x64.ActiveCfg = Debug|Any CPU
		{429F4C73-9088-4374-A929-E2965EC9EEC3}.Debug|x64.Build.0 = Debug|Any CPU
		{429F4C73-9088-4374-A929-E2965EC9EEC3}.Debug|x86.ActiveCfg = Debug|Any CPU
		{429F4C73-9088-4374-A929-E2965EC9EEC3}.Debug|x86.Build.0 = Debug|Any CPU
		{429F4C73-9088-4374-A929-E2965EC9EEC3}.ExportDebug|Any CPU.ActiveCfg = Debug|Any CPU
		{429F4C73-9088-4374-A929-E2965EC9EEC3}.ExportDebug|Any CPU.Build.0 = Debug|Any CPU
		{429F4C73-9088-4374-A929-E2965EC9EEC3}.ExportDebug|x64.ActiveCfg = Debug|Any CPU
		{429F4C73-9088-4374-A929-E2965EC9EEC3}.ExportDebug|x64.Build.0 = Debug|Any CPU
		{429F4C73-9088-4374-A929-E2965EC9EEC3}.ExportDebug|x86.ActiveCfg = Debug|Any CPU
		{429F4C73-9088-4374-A929-E2965EC9EEC3}.ExportDebug|x86.Build.0 = Debug|Any CPU
		{429F4C73-9088-4374-A929-E2965EC9EEC3}.ExportRelease|Any CPU.ActiveCfg = Debug|Any CPU
		{429F4C73-9088-4374-A929-E2965EC9EEC3}.ExportRelease|Any CPU.Build.0 = Debug|Any CPU
		{429F4C73-9088-4374-A929-E2965EC9EEC3}.ExportRelease|x64.ActiveCfg = Debug|Any CPU
		{429F4C73-9088-4374-A929-E2965EC9EEC3}.ExportRelease|x64.Build.0 = Debug|Any CPU
		{429F4C73-9088-4374-A929-E2965EC9EEC3}.ExportRelease|x86.ActiveCfg = Debug|Any CPU
		{429F4C73-9088-4374-A929-E2965EC9EEC3}.ExportRelease|x86.Build.0 = Debug|Any CPU
		{429F4C73-9088-4374-A929-E2965EC9EEC3}.Release|Any CPU.ActiveCfg = Release|Any CPU
		{429F4C73-9088-4374-A929-E2965EC9EEC3}.Release|Any CPU.Build.0 = Release|Any CPU
		{429F4C73-9088-4374-A929-E2965EC9EEC3}.Release|x64.ActiveCfg = Release|Any CPU
		{429F4C73-9088-4374-A929-E2965EC9EEC3}.Release|x64.Build.0 = Release|Any CPU
		{429F4C73-9088-4374-A929-E2965EC9EEC3}.Release|x86.ActiveCfg = Release|Any CPU
		{429F4C73-9088-4374-A929-E2965EC9EEC3}.Release|x86.Build.0 = Release|Any CPU
	EndGlobalSection
	GlobalSection(SolutionProperties) = preSolution
		HideSolutionNode = FALSE
	EndGlobalSection
	GlobalSection(NestedProjects) = preSolution
		{0125EA99-51ED-4D8E-957A-CD25BDB5906D} = {DAD03CFC-D5FA-AC94-41C7-9ABAB326F09E}
		{429F4C73-9088-4374-A929-E2965EC9EEC3} = {4F52FD11-658E-A102-6CD3-7D7C16FFA15B}
	EndGlobalSection
EndGlobal
