Microsoft Visual Studio Solution File, Format Version 12.00
# Visual Studio Version 17
VisualStudioVersion = 17.0.31903.59
MinimumVisualStudioVersion = 10.0.40219.1
Project("{FAE04EC0-301F-11D3-BF4B-00C04F79EFBC}") = "SlopArena.Shared", "../src/Shared/SlopArena.Shared.csproj", "{D27569B2-E906-43F2-A57C-4D8E9F591201}"
EndProject
Project("{FAE04EC0-301F-11D3-BF4B-00C04F79EFBC}") = "SlopArena.Server", "../src/Server/SlopArena.Server.csproj", "{D27569B2-E906-43F2-A57C-4D8E9F591202}"
EndProject
Project("{FAE04EC0-301F-11D3-BF4B-00C04F79EFBC}") = "Shared.Tests", "../tests/Shared.Tests/Shared.Tests.csproj", "{D27569B2-E906-43F2-A57C-4D8E9F591203}"
EndProject
Project("{FAE04EC0-301F-11D3-BF4B-00C04F79EFBC}") = "Server.Tests", "../tests/Server.Tests/Server.Tests.csproj", "{D27569B2-E906-43F2-A57C-4D8E9F591204}"
EndProject
Project("{FAE04EC0-301F-11D3-BF4B-00C04F79EFBC}") = "BakeArenas", "../tools/BakeArenas.csproj", "{D27569B2-E906-43F2-A57C-4D8E9F591210}"
EndProject
Project("{FAE04EC0-301F-11D3-BF4B-00C04F79EFBC}") = "AbDiffReport", "../tools/AbDiffReport/AbDiffReport.csproj", "{D27569B2-E906-43F2-A57C-4D8E9F591211}"
EndProject
Project("{FAE04EC0-301F-11D3-BF4B-00C04F79EFBC}") = "AerialApproachReport", "../tools/AerialApproachReport/AerialApproachReport.csproj", "{D27569B2-E906-43F2-A57C-4D8E9F591212}"
EndProject
Project("{FAE04EC0-301F-11D3-BF4B-00C04F79EFBC}") = "AerialProfileReport", "../tools/AerialProfileReport/AerialProfileReport.csproj", "{D27569B2-E906-43F2-A57C-4D8E9F591213}"
EndProject
Project("{FAE04EC0-301F-11D3-BF4B-00C04F79EFBC}") = "AssetCatalog", "../tools/AssetCatalog/AssetCatalog.csproj", "{D27569B2-E906-43F2-A57C-4D8E9F591214}"
EndProject
Project("{FAE04EC0-301F-11D3-BF4B-00C04F79EFBC}") = "BonkInvestigation", "../tools/BonkInvestigation/BonkInvestigation.csproj", "{D27569B2-E906-43F2-A57C-4D8E9F591215}"
EndProject
Project("{FAE04EC0-301F-11D3-BF4B-00C04F79EFBC}") = "MoveDataReport", "../tools/MoveDataReport/MoveDataReport.csproj", "{D27569B2-E906-43F2-A57C-4D8E9F591216}"
EndProject
Project("{FAE04EC0-301F-11D3-BF4B-00C04F79EFBC}") = "MovementReport", "../tools/MovementReport/MovementReport.csproj", "{D27569B2-E906-43F2-A57C-4D8E9F591217}"
EndProject
Project("{FAE04EC0-301F-11D3-BF4B-00C04F79EFBC}") = "SelfPlayReport", "../tools/SelfPlayReport/SelfPlayReport.csproj", "{D27569B2-E906-43F2-A57C-4D8E9F591218}"
EndProject
Project("{FAE04EC0-301F-11D3-BF4B-00C04F79EFBC}") = "SpectateView", "../tools/SpectateView/SpectateView.csproj", "{D27569B2-E906-43F2-A57C-4D8E9F591219}"
EndProject
Global
EndGlobal
